// !$*UTF8*$!
{ archiveVersion = 1; classes = {}; objectVersion = 56; objects = {
/* Begin PBXBuildFile section */
		BB7A80D74942D554F6AB3524 /* Models.swift in Sources */ = {isa = PBXBuildFile; fileRef = EBED94720B0E72F19BA74ED8; };
		7A076CDDB181B0FD6EEF2D70 /* Services.swift in Sources */ = {isa = PBXBuildFile; fileRef = C29F3E37B2806EBA9FD57CDC; };
		EBAED41FAA022A4E92F02A15 /* SignalIOSApp.swift in Sources */ = {isa = PBXBuildFile; fileRef = 6046B223E7F369CBC2BFF493; };
		5E9F1BDBCF3FD247909E81D4 /* Stores.swift in Sources */ = {isa = PBXBuildFile; fileRef = 91AB98E067F0E1E85FB9ED15; };
		9409C6A9A67900204EBDD82A /* ViewModels.swift in Sources */ = {isa = PBXBuildFile; fileRef = D60FD459865F01B839BC66B7; };
		2FBA337E5FBC5AA2BE05D062 /* Views.swift in Sources */ = {isa = PBXBuildFile; fileRef = 5BC9ECD84B1CB8B7EF1F851B; };
		A26455DE06B4E5CB216A36DF /* Assets.xcassets in Resources */ = {isa = PBXBuildFile; fileRef = 9C92D4FBDEC97386C966FB6A; };
		402F84D79E9B643644BB0238 /* PrivacyInfo.xcprivacy in Resources */ = {isa = PBXBuildFile; fileRef = FF04EC8ACC8278E977FE6500; };
/* End PBXBuildFile section */
/* Begin PBXFileReference section */
		EBED94720B0E72F19BA74ED8 /* Models.swift */ = {isa = PBXFileReference; lastKnownFileType = sourcecode.swift; path = Models.swift; sourceTree = "<group>"; };
		C29F3E37B2806EBA9FD57CDC /* Services.swift */ = {isa = PBXFileReference; lastKnownFileType = sourcecode.swift; path = Services.swift; sourceTree = "<group>"; };
		6046B223E7F369CBC2BFF493 /* SignalIOSApp.swift */ = {isa = PBXFileReference; lastKnownFileType = sourcecode.swift; path = SignalIOSApp.swift; sourceTree = "<group>"; };
		91AB98E067F0E1E85FB9ED15 /* Stores.swift */ = {isa = PBXFileReference; lastKnownFileType = sourcecode.swift; path = Stores.swift; sourceTree = "<group>"; };
		D60FD459865F01B839BC66B7 /* ViewModels.swift */ = {isa = PBXFileReference; lastKnownFileType = sourcecode.swift; path = ViewModels.swift; sourceTree = "<group>"; };
		5BC9ECD84B1CB8B7EF1F851B /* Views.swift */ = {isa = PBXFileReference; lastKnownFileType = sourcecode.swift; path = Views.swift; sourceTree = "<group>"; };
		9C92D4FBDEC97386C966FB6A /* Assets.xcassets */ = {isa = PBXFileReference; lastKnownFileType = folder.assetcatalog; path = Assets.xcassets; sourceTree = "<group>"; };
		FF04EC8ACC8278E977FE6500 /* PrivacyInfo.xcprivacy */ = {isa = PBXFileReference; lastKnownFileType = text.xml; path = PrivacyInfo.xcprivacy; sourceTree = "<group>"; };
		C797828D0B76B7245881A2BF = {isa = PBXFileReference; lastKnownFileType = text.xcconfig; path = Config/Config.xcconfig; sourceTree = "<group>"; };
		38A007151ABE87CC01A5B6E9 = {isa = PBXFileReference; explicitFileType = wrapper.application; path = SignalIOS.app; sourceTree = BUILT_PRODUCTS_DIR; };
/* End PBXFileReference section */
/* Begin PBXGroup section */
		B28B7AF69320201D1CF206EB = {isa = PBXGroup; children = (936AB2188C7755401BF194F9,827E3FA8459DDBC9C79F38B0,5CFD2064EBDFD7B142344672); sourceTree = "<group>";};
		936AB2188C7755401BF194F9 = {isa = PBXGroup; children = (
				EBED94720B0E72F19BA74ED8 /* Models.swift */,
				C29F3E37B2806EBA9FD57CDC /* Services.swift */,
				6046B223E7F369CBC2BFF493 /* SignalIOSApp.swift */,
				91AB98E067F0E1E85FB9ED15 /* Stores.swift */,
				D60FD459865F01B839BC66B7 /* ViewModels.swift */,
				5BC9ECD84B1CB8B7EF1F851B /* Views.swift */,
			); path = SignalIOS/Sources; sourceTree = "<group>";};
		827E3FA8459DDBC9C79F38B0 = {isa = PBXGroup; children = (
				9C92D4FBDEC97386C966FB6A /* Assets.xcassets */,
				FF04EC8ACC8278E977FE6500 /* PrivacyInfo.xcprivacy */,
			); path = SignalIOS/Resources; sourceTree = "<group>";};
		5CFD2064EBDFD7B142344672 = {isa = PBXGroup; children = (38A007151ABE87CC01A5B6E9); name = Products; sourceTree = "<group>";};
/* End PBXGroup section */
/* Begin PBXFrameworksBuildPhase section */
		0288CCACD7983A6A6CD35011 = {isa = PBXFrameworksBuildPhase; buildActionMask = 2147483647; files = (); runOnlyForDeploymentPostprocessing = 0;};
/* End PBXFrameworksBuildPhase section */
/* Begin PBXNativeTarget section */
		0E8A3AD980EC179856012B7E = {isa = PBXNativeTarget; buildConfigurationList = 8D8B67C81BE4F695571BC034; buildPhases = (99089AB00A1953DE85BFF16D,0288CCACD7983A6A6CD35011,95D09F4974CFFDB57D2A968A); buildRules = (); dependencies = (); name = SignalIOS; productName = SignalIOS; productReference = 38A007151ABE87CC01A5B6E9; productType = "com.apple.product-type.application";};
/* End PBXNativeTarget section */
/* Begin PBXProject section */
		633579642D79D259F3001E4F = {isa = PBXProject; attributes = {LastUpgradeCheck = 1600; TargetAttributes = {0E8A3AD980EC179856012B7E = {CreatedOnToolsVersion = 16.0;};};}; buildConfigurationList = 01DF1D3A7F02866ECA6BB742; compatibilityVersion = "Xcode 14.0"; developmentRegion = en; knownRegions = (en,Base); mainGroup = B28B7AF69320201D1CF206EB; productRefGroup = 5CFD2064EBDFD7B142344672; projectDirPath = ""; projectRoot = ""; targets = (0E8A3AD980EC179856012B7E);};
/* End PBXProject section */
/* Begin PBXResourcesBuildPhase section */
		95D09F4974CFFDB57D2A968A = {isa = PBXResourcesBuildPhase; buildActionMask = 2147483647; files = (
				A26455DE06B4E5CB216A36DF,
				402F84D79E9B643644BB0238,
			); runOnlyForDeploymentPostprocessing = 0;};
/* End PBXResourcesBuildPhase section */
/* Begin PBXSourcesBuildPhase section */
		99089AB00A1953DE85BFF16D = {isa = PBXSourcesBuildPhase; buildActionMask = 2147483647; files = (
				BB7A80D74942D554F6AB3524,
				7A076CDDB181B0FD6EEF2D70,
				EBAED41FAA022A4E92F02A15,
				5E9F1BDBCF3FD247909E81D4,
				9409C6A9A67900204EBDD82A,
				2FBA337E5FBC5AA2BE05D062,
			); runOnlyForDeploymentPostprocessing = 0;};
/* End PBXSourcesBuildPhase section */
/* Begin XCBuildConfiguration section */
		E9EFE2AEA5AD46614D39E809 = {isa = XCBuildConfiguration; buildSettings = {IPHONEOS_DEPLOYMENT_TARGET = 17.0; SDKROOT = iphoneos; SWIFT_OPTIMIZATION_LEVEL = "-Onone";}; name = Debug;};
		5498D9B96ED2832E04A90C4A = {isa = XCBuildConfiguration; buildSettings = {IPHONEOS_DEPLOYMENT_TARGET = 17.0; SDKROOT = iphoneos; SWIFT_COMPILATION_MODE = wholemodule;}; name = Release;};
		C156A3B8932142E3458414EF = {isa = XCBuildConfiguration; baseConfigurationReference = C797828D0B76B7245881A2BF; buildSettings = {ASSETCATALOG_COMPILER_APPICON_NAME = AppIcon; ASSETCATALOG_COMPILER_GLOBAL_ACCENT_COLOR_NAME = AccentColor; CODE_SIGN_STYLE = Automatic; CURRENT_PROJECT_VERSION = 1; GENERATE_INFOPLIST_FILE = NO; INFOPLIST_FILE = SignalIOS/Resources/Info.plist; IPHONEOS_DEPLOYMENT_TARGET = 17.0; MARKETING_VERSION = 1.0; PRODUCT_BUNDLE_IDENTIFIER = com.abhishekch08.SignalIOS; PRODUCT_NAME = "$(TARGET_NAME)"; SUPPORTED_PLATFORMS = "iphoneos iphonesimulator"; SWIFT_VERSION = 5.0; TARGETED_DEVICE_FAMILY = 1;}; name = Debug;};
		D9E83874D260F2F10D48D98C = {isa = XCBuildConfiguration; baseConfigurationReference = C797828D0B76B7245881A2BF; buildSettings = {ASSETCATALOG_COMPILER_APPICON_NAME = AppIcon; ASSETCATALOG_COMPILER_GLOBAL_ACCENT_COLOR_NAME = AccentColor; CODE_SIGN_STYLE = Automatic; CURRENT_PROJECT_VERSION = 1; GENERATE_INFOPLIST_FILE = NO; INFOPLIST_FILE = SignalIOS/Resources/Info.plist; IPHONEOS_DEPLOYMENT_TARGET = 17.0; MARKETING_VERSION = 1.0; PRODUCT_BUNDLE_IDENTIFIER = com.abhishekch08.SignalIOS; PRODUCT_NAME = "$(TARGET_NAME)"; SUPPORTED_PLATFORMS = "iphoneos iphonesimulator"; SWIFT_VERSION = 5.0; TARGETED_DEVICE_FAMILY = 1;}; name = Release;};
/* End XCBuildConfiguration section */
/* Begin XCConfigurationList section */
		01DF1D3A7F02866ECA6BB742 = {isa = XCConfigurationList; buildConfigurations = (E9EFE2AEA5AD46614D39E809,5498D9B96ED2832E04A90C4A); defaultConfigurationIsVisible = 0; defaultConfigurationName = Release;};
		8D8B67C81BE4F695571BC034 = {isa = XCConfigurationList; buildConfigurations = (C156A3B8932142E3458414EF,D9E83874D260F2F10D48D98C); defaultConfigurationIsVisible = 0; defaultConfigurationName = Release;};
/* End XCConfigurationList section */
}; rootObject = 633579642D79D259F3001E4F; }
